
Microsoft Visual Studio Solution File, Format Version 12.00
# Visual Studio Version 17
VisualStudioVersion = 17.0.32112.339
MinimumVisualStudioVersion = 10.0.40219.1
Project("{FAE04EC0-301F-11D3-BF4B-00C04F79EFBC}") = "A11_FunkcjeCz2", "A11_FunkcjeCz2.csproj", "{A97170FF-5C26-43A9-B6BF-720737EE66EA}"
EndProject
Global
	GlobalSection(SolutionConfigurationPlatforms) = preSolution
		Debug|Any CPU = Debug|Any CPU
		Release|Any CPU = Release|Any CPU
	EndGlobalSection
	GlobalSection(ProjectConfigurationPlatforms) = postSolution
		{A97170FF-5C26-43A9-B6BF-720737EE66EA}.Debug|Any CPU.ActiveCfg = Debug|Any CPU
		{A97170FF-5C26-43A9-B6BF-720737EE66EA}.Debug|Any CPU.Build.0 = Debug|Any CPU
		{A97170FF-5C26-43A9-B6BF-720737EE66EA}.Release|Any CPU.ActiveCfg = Release|Any CPU
		{A97170FF-5C26-43A9-B6BF-720737EE66EA}.Release|Any CPU.Build.0 = Release|Any CPU
	EndGlobalSection
	GlobalSection(SolutionProperties) = preSolution
		HideSolutionNode = FALSE
	EndGlobalSection
	GlobalSection(ExtensibilityGlobals) = postSolution
		SolutionGuid = {27D9BC10-1402-42D3-B198-7D4D3C2700AD}
	EndGlobalSection
EndGlobal
