
Microsoft Visual Studio Solution File, Format Version 12.00
# Visual Studio Version 17
VisualStudioVersion = 17.0.32112.339
MinimumVisualStudioVersion = 10.0.40219.1
Project("{FAE04EC0-301F-11D3-BF4B-00C04F79EFBC}") = "A09_Tablice_wielowymiarowe", "A09_Tablice_wielowymiarowe.csproj", "{225DE83A-1E58-41FC-BA1B-5A95AB321A2E}"
EndProject
Global
	GlobalSection(SolutionConfigurationPlatforms) = preSolution
		Debug|Any CPU = Debug|Any CPU
		Release|Any CPU = Release|Any CPU
	EndGlobalSection
	GlobalSection(ProjectConfigurationPlatforms) = postSolution
		{225DE83A-1E58-41FC-BA1B-5A95AB321A2E}.Debug|Any CPU.ActiveCfg = Debug|Any CPU
		{225DE83A-1E58-41FC-BA1B-5A95AB321A2E}.Debug|Any CPU.Build.0 = Debug|Any CPU
		{225DE83A-1E58-41FC-BA1B-5A95AB321A2E}.Release|Any CPU.ActiveCfg = Release|Any CPU
		{225DE83A-1E58-41FC-BA1B-5A95AB321A2E}.Release|Any CPU.Build.0 = Release|Any CPU
	EndGlobalSection
	GlobalSection(SolutionProperties) = preSolution
		HideSolutionNode = FALSE
	EndGlobalSection
	GlobalSection(ExtensibilityGlobals) = postSolution
		SolutionGuid = {5BBBC92E-5140-4B9C-9FD6-49DCA85825DB}
	EndGlobalSection
EndGlobal
