
Microsoft Visual Studio Solution File, Format Version 12.00
# Visual Studio Version 17
VisualStudioVersion = 17.0.32112.339
MinimumVisualStudioVersion = 10.0.40219.1
Project("{FAE04EC0-301F-11D3-BF4B-00C04F79EFBC}") = "A27_Gra_Lotto", "A27_Gra_Lotto.csproj", "{5DE0813B-B01E-4DAD-A5A4-60D5F23C6AF6}"
EndProject
Global
	GlobalSection(SolutionConfigurationPlatforms) = preSolution
		Debug|Any CPU = Debug|Any CPU
		Release|Any CPU = Release|Any CPU
	EndGlobalSection
	GlobalSection(ProjectConfigurationPlatforms) = postSolution
		{5DE0813B-B01E-4DAD-A5A4-60D5F23C6AF6}.Debug|Any CPU.ActiveCfg = Debug|Any CPU
		{5DE0813B-B01E-4DAD-A5A4-60D5F23C6AF6}.Debug|Any CPU.Build.0 = Debug|Any CPU
		{5DE0813B-B01E-4DAD-A5A4-60D5F23C6AF6}.Release|Any CPU.ActiveCfg = Release|Any CPU
		{5DE0813B-B01E-4DAD-A5A4-60D5F23C6AF6}.Release|Any CPU.Build.0 = Release|Any CPU
	EndGlobalSection
	GlobalSection(SolutionProperties) = preSolution
		HideSolutionNode = FALSE
	EndGlobalSection
	GlobalSection(ExtensibilityGlobals) = postSolution
		SolutionGuid = {7E262A7F-672D-49D0-8A03-B9C562DB88C1}
	EndGlobalSection
EndGlobal
