
Microsoft Visual Studio Solution File, Format Version 12.00
# Visual Studio Version 17
VisualStudioVersion = 17.0.32112.339
MinimumVisualStudioVersion = 10.0.40219.1
Project("{FAE04EC0-301F-11D3-BF4B-00C04F79EFBC}") = "A25_przykladObslugiPlikow", "A25_przykladObslugiPlikow.csproj", "{E94C7A96-CF14-4DF5-908C-50CC0D6FED47}"
EndProject
Global
	GlobalSection(SolutionConfigurationPlatforms) = preSolution
		Debug|Any CPU = Debug|Any CPU
		Release|Any CPU = Release|Any CPU
	EndGlobalSection
	GlobalSection(ProjectConfigurationPlatforms) = postSolution
		{E94C7A96-CF14-4DF5-908C-50CC0D6FED47}.Debug|Any CPU.ActiveCfg = Debug|Any CPU
		{E94C7A96-CF14-4DF5-908C-50CC0D6FED47}.Debug|Any CPU.Build.0 = Debug|Any CPU
		{E94C7A96-CF14-4DF5-908C-50CC0D6FED47}.Release|Any CPU.ActiveCfg = Release|Any CPU
		{E94C7A96-CF14-4DF5-908C-50CC0D6FED47}.Release|Any CPU.Build.0 = Release|Any CPU
	EndGlobalSection
	GlobalSection(SolutionProperties) = preSolution
		HideSolutionNode = FALSE
	EndGlobalSection
	GlobalSection(ExtensibilityGlobals) = postSolution
		SolutionGuid = {1589819D-42E1-478E-804A-61829E1ABC60}
	EndGlobalSection
EndGlobal
