
Microsoft Visual Studio Solution File, Format Version 12.00
# Visual Studio Version 17
VisualStudioVersion = 17.1.32414.318
MinimumVisualStudioVersion = 10.0.40219.1
Project("{FAE04EC0-301F-11D3-BF4B-00C04F79EFBC}") = "B03_Gra_OXOXO", "B03_Gra_OXOXO.csproj", "{0B507EB3-0167-4587-9218-43D953AEC0BF}"
EndProject
Global
	GlobalSection(SolutionConfigurationPlatforms) = preSolution
		Debug|Any CPU = Debug|Any CPU
		Release|Any CPU = Release|Any CPU
	EndGlobalSection
	GlobalSection(ProjectConfigurationPlatforms) = postSolution
		{0B507EB3-0167-4587-9218-43D953AEC0BF}.Debug|Any CPU.ActiveCfg = Debug|Any CPU
		{0B507EB3-0167-4587-9218-43D953AEC0BF}.Debug|Any CPU.Build.0 = Debug|Any CPU
		{0B507EB3-0167-4587-9218-43D953AEC0BF}.Release|Any CPU.ActiveCfg = Release|Any CPU
		{0B507EB3-0167-4587-9218-43D953AEC0BF}.Release|Any CPU.Build.0 = Release|Any CPU
	EndGlobalSection
	GlobalSection(SolutionProperties) = preSolution
		HideSolutionNode = FALSE
	EndGlobalSection
	GlobalSection(ExtensibilityGlobals) = postSolution
		SolutionGuid = {9E2EA365-C554-45B1-9CBA-7C44C9EDA1F5}
	EndGlobalSection
EndGlobal
